
Microsoft Visual Studio Solution File, Format Version 12.00
# Visual Studio 15
VisualStudioVersion = 15.0.28307.757
MinimumVisualStudioVersion = 10.0.40219.1
Project("{FAE04EC0-301F-11D3-BF4B-00C04F79EFBC}") = "AppModelo.Site", "src\AppModelo.Site\AppModelo.Site.csproj", "{7E6EE1FA-8E1B-4BA4-A83C-F914121C422A}"
EndProject
Global
	GlobalSection(SolutionConfigurationPlatforms) = preSolution
		Debug|Any CPU = Debug|Any CPU
		Release|Any CPU = Release|Any CPU
	EndGlobalSection
	GlobalSection(ProjectConfigurationPlatforms) = postSolution
		{7E6EE1FA-8E1B-4BA4-A83C-F914121C422A}.Debug|Any CPU.ActiveCfg = Debug|Any CPU
		{7E6EE1FA-8E1B-4BA4-A83C-F914121C422A}.Debug|Any CPU.Build.0 = Debug|Any CPU
		{7E6EE1FA-8E1B-4BA4-A83C-F914121C422A}.Release|Any CPU.ActiveCfg = Release|Any CPU
		{7E6EE1FA-8E1B-4BA4-A83C-F914121C422A}.Release|Any CPU.Build.0 = Release|Any CPU
	EndGlobalSection
	GlobalSection(SolutionProperties) = preSolution
		HideSolutionNode = FALSE
	EndGlobalSection
	GlobalSection(ExtensibilityGlobals) = postSolution
		SolutionGuid = {CAF06E3C-75BE-4D40-8CBD-B3B5D39B6AD2}
	EndGlobalSection
EndGlobal
